
Microsoft Visual Studio Solution File, Format Version 12.00
# Visual Studio Version 16
VisualStudioVersion = 16.0.31605.320
MinimumVisualStudioVersion = 10.0.40219.1
Project("{FAE04EC0-301F-11D3-BF4B-00C04F79EFBC}") = "todojuan.common", "todojuan.common\todojuan.common.csproj", "{F4D87CA6-CA49-4956-851F-7F9FFF7A24E9}"
EndProject
Project("{FAE04EC0-301F-11D3-BF4B-00C04F79EFBC}") = "todojuan.Functions", "todojuan.Functions\todojuan.Functions.csproj", "{34EAC087-12BB-412A-ABDE-994B813D743D}"
EndProject
Project("{FAE04EC0-301F-11D3-BF4B-00C04F79EFBC}") = "todojuan.Tests", "todojuan.Tests\todojuan.Tests.csproj", "{60D52DF0-CDC1-4F94-9C15-EAE80BC9C1B3}"
EndProject
Global
	GlobalSection(SolutionConfigurationPlatforms) = preSolution
		Debug|Any CPU = Debug|Any CPU
		Release|Any CPU = Release|Any CPU
	EndGlobalSection
	GlobalSection(ProjectConfigurationPlatforms) = postSolution
		{F4D87CA6-CA49-4956-851F-7F9FFF7A24E9}.Debug|Any CPU.ActiveCfg = Debug|Any CPU
		{F4D87CA6-CA49-4956-851F-7F9FFF7A24E9}.Debug|Any CPU.Build.0 = Debug|Any CPU
		{F4D87CA6-CA49-4956-851F-7F9FFF7A24E9}.Release|Any CPU.ActiveCfg = Release|Any CPU
		{F4D87CA6-CA49-4956-851F-7F9FFF7A24E9}.Release|Any CPU.Build.0 = Release|Any CPU
		{34EAC087-12BB-412A-ABDE-994B813D743D}.Debug|Any CPU.ActiveCfg = Debug|Any CPU
		{34EAC087-12BB-412A-ABDE-994B813D743D}.Debug|Any CPU.Build.0 = Debug|Any CPU
		{34EAC087-12BB-412A-ABDE-994B813D743D}.Release|Any CPU.ActiveCfg = Release|Any CPU
		{34EAC087-12BB-412A-ABDE-994B813D743D}.Release|Any CPU.Build.0 = Release|Any CPU
		{60D52DF0-CDC1-4F94-9C15-EAE80BC9C1B3}.Debug|Any CPU.ActiveCfg = Debug|Any CPU
		{60D52DF0-CDC1-4F94-9C15-EAE80BC9C1B3}.Debug|Any CPU.Build.0 = Debug|Any CPU
		{60D52DF0-CDC1-4F94-9C15-EAE80BC9C1B3}.Release|Any CPU.ActiveCfg = Release|Any CPU
		{60D52DF0-CDC1-4F94-9C15-EAE80BC9C1B3}.Release|Any CPU.Build.0 = Release|Any CPU
	EndGlobalSection
	GlobalSection(SolutionProperties) = preSolution
		HideSolutionNode = FALSE
	EndGlobalSection
	GlobalSection(ExtensibilityGlobals) = postSolution
		SolutionGuid = {D0C2A11D-31F0-40C0-9E10-0ADA7F74DC77}
	EndGlobalSection
EndGlobal
